PODS:
  - AFNetworking (2.2.0):
    - AFNetworking/NSURLConnection
    - AFNetworking/NSURLSession
    - AFNetworking/Reachability
    - AFNetworking/Security
    - AFNetworking/Serialization
    - AFNetworking/UIKit
  - AFNetworking/NSURLConnection (2.2.0):
    - AFNetworking/Reachability
    - AFNetworking/Security
    - AFNetworking/Serialization
  - AFNetworking/NSURLSession (2.2.0):
    - AFNetworking/NSURLConnection
  - AFNetworking/Reachability (2.2.0)
  - AFNetworking/Security (2.2.0)
  - AFNetworking/Serialization (2.2.0)
  - AFNetworking/UIKit (2.2.0):
    - AFNetworking/NSURLConnection
    - AFNetworking/NSURLSession
  - Facebook-iOS-SDK (3.12.0)
  - MBProgressHUD (0.8)
  - Parse (1.2.18):
    - Facebook-iOS-SDK (~> 3.11)
  - SDWebImage (3.5.2):
    - SDWebImage/Core
  - SDWebImage-ProgressView (0.3.0):
    - SDWebImage (~> 3.0)
  - SDWebImage/Core (3.5.2)

DEPENDENCIES:
  - AFNetworking
  - MBProgressHUD
  - Parse
  - SDWebImage-ProgressView

SPEC CHECKSUMS:
  AFNetworking: e8cfd8f3fe3bfe19124a0cc63f4d45752d892a56
  Facebook-iOS-SDK: c09f7d80db5c48170ff834bc03ebe774c49d1f5b
  MBProgressHUD: 2bbc6f470111daf7f3eaa4eb12b8cbf01c4c0622
  Parse: 6dd57f2af9f89dc6facc755cec4e96f8b739b1fb
  SDWebImage: fe7ce01ae4e0a884d168f59c9dd82d35baf8429e
  SDWebImage-ProgressView: 0984b5b885886358dff24964912d3313e104ad4f

COCOAPODS: 0.29.0
